{
  "requires": true,
  "lockfileVersion": 1,
  "dependencies": {
    "popper.js": {
      "version": "1.15.0",
      "resolved": "https://registry.npmjs.org/popper.js/-/popper.js-1.15.0.tgz",
      "integrity": "sha512-w010cY1oCUmI+9KwwlWki+r5jxKfTFDVoadl7MSrIujHU5MJ5OR6HTDj6Xo8aoR/QsA56x8jKjA59qGH4ELtrA=="
    },
    "v-tooltip": {
      "version": "3.0.0-alpha.7",
      "resolved": "https://registry.npmjs.org/v-tooltip/-/v-tooltip-3.0.0-alpha.7.tgz",
      "integrity": "sha512-BJM1tYm/Idsa4xjY8nsZ/o329qEhnpAnKTI5fG2r5/aEFtmno9HJKT8+lmbHGpZhOnV8NCCg/9PuiCFPOT7/Lw==",
      "requires": {
        "popper.js": "^1.15.0",
        "vue-resize": "^0.4.5"
      }
    },
    "vue-resize": {
      "version": "0.4.5",
      "resolved": "https://registry.npmjs.org/vue-resize/-/vue-resize-0.4.5.tgz",
      "integrity": "sha512-bhP7MlgJQ8TIkZJXAfDf78uJO+mEI3CaLABLjv0WNzr4CcGRGPIAItyWYnP6LsPA4Oq0WE+suidNs6dgpO4RHg=="
    }
  }
}
